# THIS IS AN AUTOGENERATED FILE. DO NOT EDIT THIS FILE DIRECTLY.
# yarn lockfile v1


"@types/chroma-js@^2.4.0":
  version "2.4.0"
  resolved "https://registry.yarnpkg.com/@types/chroma-js/-/chroma-js-2.4.0.tgz#476a16ae848c77478079d6749236fdb98837b92c"
  integrity sha512-JklMxityrwjBTjGY2anH8JaTx3yjRU3/sEHSblLH1ba5lqcSh1LnImXJZO5peJfXyqKYWjHTGy4s5Wz++hARrw==

chroma-js@^2.4.0:
  version "2.4.2"
  resolved "https://registry.yarnpkg.com/chroma-js/-/chroma-js-2.4.2.tgz#dffc214ed0c11fa8eefca2c36651d8e57cbfb2b0"
  integrity sha512-U9eDw6+wt7V8z5NncY2jJfZa+hUH8XEj8FQHgFJTrUFnJfXYf4Ml4adI2vXZOjqRDpFWtYVWypDfZwnJ+HIR4A==

date-fns@^2.29.3:
  version "2.29.3"
  resolved "https://registry.yarnpkg.com/date-fns/-/date-fns-2.29.3.tgz#27402d2fc67eb442b511b70bbdf98e6411cd68a8"
  integrity sha512-dDCnyH2WnnKusqvZZ6+jA1O51Ibt8ZMRNkDZdyAyK4YfbDwa/cEmuztzG5pk6hqlp9aSBPYcjOlktquahGwGeA==

react-activity-calendar@^2.0.0:
  version "2.0.1"
  resolved "https://registry.yarnpkg.com/react-activity-calendar/-/react-activity-calendar-2.0.1.tgz#edb80ca16b55c1968380f949b4bb60108efe631b"
  integrity sha512-Y9XMU5whkgQAkQj67TckFyLAuA6ZEFJ4TFRL/dgAcoj/RlIM/eWJiuPk4VL+LraOIw2H+AvCStleu4ou21uMKA==
  dependencies:
    "@types/chroma-js" "^2.4.0"
    chroma-js "^2.4.0"
    date-fns "^2.29.3"

react-github-calendar@^4.0.0:
  version "4.0.0"
  resolved "https://registry.yarnpkg.com/react-github-calendar/-/react-github-calendar-4.0.0.tgz#75846b844c91dd2e70474c371413672c67aa4de1"
  integrity sha512-h+9YX2I4vidS2pUepnN3FkRi4t3DTpdoI6R8Sea+mp3v2X+Ea36X+wgprJ4kS3FaKSWUZC7hecZIlCSMHpyWAA==
  dependencies:
    react-activity-calendar "^2.0.0"
